// !$*UTF8*$!
{
	archiveVersion = 1;
	classes = {
	};
	objectVersion = 46;
	objects = {

/* Begin PBXBuildFile section */
		96B1E2551BAC77270089CCDF /* main.m in Sources */ = {isa = PBXBuildFile; fileRef = 96B1E2541BAC77270089CCDF /* main.m */; };
		96B1E2601BAC77270089CCDF /* Assets.xcassets in Resources */ = {isa = PBXBuildFile; fileRef = 96B1E25F1BAC77270089CCDF /* Assets.xcassets */; };
		96B1E2631BAC77270089CCDF /* LaunchScreen.storyboard in Resources */ = {isa = PBXBuildFile; fileRef = 96B1E2611BAC77270089CCDF /* LaunchScreen.storyboard */; };
		96B1E28F1BAC7A0E0089CCDF /* AppDelegate.m in Sources */ = {isa = PBXBuildFile; fileRef = 96B1E2881BAC7A0E0089CCDF /* AppDelegate.m */; settings = {ASSET_TAGS = (); }; };
		96B1E2901BAC7A0E0089CCDF /* BootLogic.m in Sources */ = {isa = PBXBuildFile; fileRef = 96B1E28A1BAC7A0E0089CCDF /* BootLogic.m */; settings = {ASSET_TAGS = (); }; };
		96B1E2911BAC7A0E0089CCDF /* ConsoleScreen.m in Sources */ = {isa = PBXBuildFile; fileRef = 96B1E28C1BAC7A0E0089CCDF /* ConsoleScreen.m */; settings = {ASSET_TAGS = (); }; };
		96B1E2921BAC7A0E0089CCDF /* MainScreen.m in Sources */ = {isa = PBXBuildFile; fileRef = 96B1E28E1BAC7A0E0089CCDF /* MainScreen.m */; settings = {ASSET_TAGS = (); }; };
		96B1E2991BAC8F9C0089CCDF /* DemoFunction.m in Sources */ = {isa = PBXBuildFile; fileRef = 96B1E2981BAC8F9C0089CCDF /* DemoFunction.m */; settings = {ASSET_TAGS = (); }; };
		96B1E29D1BAC960E0089CCDF /* DemoSelector.m in Sources */ = {isa = PBXBuildFile; fileRef = 96B1E29B1BAC960E0089CCDF /* DemoSelector.m */; settings = {ASSET_TAGS = (); }; };
		96B1E29E1BAC960E0089CCDF /* DemoSelector.xib in Resources */ = {isa = PBXBuildFile; fileRef = 96B1E29C1BAC960E0089CCDF /* DemoSelector.xib */; settings = {ASSET_TAGS = (); }; };
		96B1E3041BB05C640089CCDF /* BasicSlider.m in Sources */ = {isa = PBXBuildFile; fileRef = 96B1E3021BB05C640089CCDF /* BasicSlider.m */; settings = {ASSET_TAGS = (); }; };
		96B1E3051BB05C640089CCDF /* BasicSlider.xib in Resources */ = {isa = PBXBuildFile; fileRef = 96B1E3031BB05C640089CCDF /* BasicSlider.xib */; settings = {ASSET_TAGS = (); }; };
		96B1E3091BB06B970089CCDF /* AdvancedSlider1.m in Sources */ = {isa = PBXBuildFile; fileRef = 96B1E3071BB06B970089CCDF /* AdvancedSlider1.m */; settings = {ASSET_TAGS = (); }; };
		96B1E30A1BB06B970089CCDF /* AdvancedSlider1.xib in Resources */ = {isa = PBXBuildFile; fileRef = 96B1E3081BB06B970089CCDF /* AdvancedSlider1.xib */; settings = {ASSET_TAGS = (); }; };
		96B1E30E1BB25ADF0089CCDF /* AdvancedSlider2.m in Sources */ = {isa = PBXBuildFile; fileRef = 96B1E30C1BB25ADF0089CCDF /* AdvancedSlider2.m */; settings = {ASSET_TAGS = (); }; };
		96B1E30F1BB25ADF0089CCDF /* AdvancedSlider2.xib in Resources */ = {isa = PBXBuildFile; fileRef = 96B1E30D1BB25ADF0089CCDF /* AdvancedSlider2.xib */; settings = {ASSET_TAGS = (); }; };
		96B1E3211BB482C20089CCDF /* ImageSkewer.m in Sources */ = {isa = PBXBuildFile; fileRef = 96B1E31F1BB482C20089CCDF /* ImageSkewer.m */; settings = {ASSET_TAGS = (); }; };
		96B1E3221BB482C20089CCDF /* ImageSkewer.xib in Resources */ = {isa = PBXBuildFile; fileRef = 96B1E3201BB482C20089CCDF /* ImageSkewer.xib */; settings = {ASSET_TAGS = (); }; };
		96B1E3281BB4897F0089CCDF /* steve.jpg in Resources */ = {isa = PBXBuildFile; fileRef = 96B1E3271BB4897F0089CCDF /* steve.jpg */; settings = {ASSET_TAGS = (); }; };
		96B1E32B1BB536430089CCDF /* BarcelonaRotation.m in Sources */ = {isa = PBXBuildFile; fileRef = 96B1E32A1BB536430089CCDF /* BarcelonaRotation.m */; settings = {ASSET_TAGS = (); }; };
		96B1E32D1BB536A60089CCDF /* BarcelonaPlayers.plist in Resources */ = {isa = PBXBuildFile; fileRef = 96B1E32C1BB536A60089CCDF /* BarcelonaPlayers.plist */; settings = {ASSET_TAGS = (); }; };
		96B1E3331BB550EE0089CCDF /* NSArray+GettingUniqueElementsAddition.m in Sources */ = {isa = PBXBuildFile; fileRef = 96B1E3321BB550EE0089CCDF /* NSArray+GettingUniqueElementsAddition.m */; settings = {ASSET_TAGS = (); }; };
		96B1E3361BB552FB0089CCDF /* UniqueElementFromArrayDemo.m in Sources */ = {isa = PBXBuildFile; fileRef = 96B1E3351BB552FB0089CCDF /* UniqueElementFromArrayDemo.m */; settings = {ASSET_TAGS = (); }; };
		96B1E33C1BB65C830089CCDF /* IntegerToText.m in Sources */ = {isa = PBXBuildFile; fileRef = 96B1E33B1BB65C830089CCDF /* IntegerToText.m */; settings = {ASSET_TAGS = (); }; };
		96FEEA761BB864D90092C981 /* Exercise1.m in Sources */ = {isa = PBXBuildFile; fileRef = 96FEEA751BB864D90092C981 /* Exercise1.m */; settings = {ASSET_TAGS = (); }; };
		96FEEA791BB873EC0092C981 /* Exercise2.m in Sources */ = {isa = PBXBuildFile; fileRef = 96FEEA781BB873EC0092C981 /* Exercise2.m */; settings = {ASSET_TAGS = (); }; };
		96FEEA7C1BB922A50092C981 /* DictionaryDemo.m in Sources */ = {isa = PBXBuildFile; fileRef = 96FEEA7B1BB922A50092C981 /* DictionaryDemo.m */; settings = {ASSET_TAGS = (); }; };
		96FEEA821BB931600092C981 /* NSArray+Extend.m in Sources */ = {isa = PBXBuildFile; fileRef = 96FEEA811BB931600092C981 /* NSArray+Extend.m */; settings = {ASSET_TAGS = (); }; };
		96FEEA851BB931A20092C981 /* WordCount.m in Sources */ = {isa = PBXBuildFile; fileRef = 96FEEA841BB931A20092C981 /* WordCount.m */; settings = {ASSET_TAGS = (); }; };
/* End PBXBuildFile section */

/* Begin PBXContainerItemProxy section */
		96B1E26A1BAC77270089CCDF /* PBXContainerItemProxy */ = {
			isa = PBXContainerItemProxy;
			containerPortal = 96B1E2481BAC77270089CCDF /* Project object */;
			proxyType = 1;
			remoteGlobalIDString = 96B1E24F1BAC77270089CCDF;
			remoteInfo = ObjCExample;
		};
		96B1E2751BAC77270089CCDF /* PBXContainerItemProxy */ = {
			isa = PBXContainerItemProxy;
			containerPortal = 96B1E2481BAC77270089CCDF /* Project object */;
			proxyType = 1;
			remoteGlobalIDString = 96B1E24F1BAC77270089CCDF;
			remoteInfo = ObjCExample;
		};
/* End PBXContainerItemProxy section */

/* Begin PBXFileReference section */
		96B1E2501BAC77270089CCDF /* ObjCExample.app */ = {isa = PBXFileReference; explicitFileType = wrapper.application; includeInIndex = 0; path = ObjCExample.app; sourceTree = BUILT_PRODUCTS_DIR; };
		96B1E2541BAC77270089CCDF /* main.m */ = {isa = PBXFileReference; lastKnownFileType = sourcecode.c.objc; path = main.m; sourceTree = "<group>"; };
		96B1E25F1BAC77270089CCDF /* Assets.xcassets */ = {isa = PBXFileReference; lastKnownFileType = folder.assetcatalog; path = Assets.xcassets; sourceTree = "<group>"; };
		96B1E2621BAC77270089CCDF /* Base */ = {isa = PBXFileReference; lastKnownFileType = file.storyboard; name = Base; path = Base.lproj/LaunchScreen.storyboard; sourceTree = "<group>"; };
		96B1E2641BAC77270089CCDF /* Info.plist */ = {isa = PBXFileReference; lastKnownFileType = text.plist.xml; path = Info.plist; sourceTree = "<group>"; };
		96B1E2691BAC77270089CCDF /* ObjCExampleTests.xctest */ = {isa = PBXFileReference; explicitFileType = wrapper.cfbundle; includeInIndex = 0; path = ObjCExampleTests.xctest; sourceTree = BUILT_PRODUCTS_DIR; };
		96B1E2741BAC77270089CCDF /* ObjCExampleUITests.xctest */ = {isa = PBXFileReference; explicitFileType = wrapper.cfbundle; includeInIndex = 0; path = ObjCExampleUITests.xctest; sourceTree = BUILT_PRODUCTS_DIR; };
		96B1E2871BAC7A0E0089CCDF /* AppDelegate.h */ = {isa = PBXFileReference; fileEncoding = 4; lastKnownFileType = sourcecode.c.h; path = AppDelegate.h; sourceTree = "<group>"; };
		96B1E2881BAC7A0E0089CCDF /* AppDelegate.m */ = {isa = PBXFileReference; fileEncoding = 4; lastKnownFileType = sourcecode.c.objc; path = AppDelegate.m; sourceTree = "<group>"; };
		96B1E2891BAC7A0E0089CCDF /* BootLogic.h */ = {isa = PBXFileReference; fileEncoding = 4; lastKnownFileType = sourcecode.c.h; path = BootLogic.h; sourceTree = "<group>"; };
		96B1E28A1BAC7A0E0089CCDF /* BootLogic.m */ = {isa = PBXFileReference; fileEncoding = 4; lastKnownFileType = sourcecode.c.objc; path = BootLogic.m; sourceTree = "<group>"; };
		96B1E28B1BAC7A0E0089CCDF /* ConsoleScreen.h */ = {isa = PBXFileReference; fileEncoding = 4; lastKnownFileType = sourcecode.c.h; path = ConsoleScreen.h; sourceTree = "<group>"; };
		96B1E28C1BAC7A0E0089CCDF /* ConsoleScreen.m */ = {isa = PBXFileReference; fileEncoding = 4; lastKnownFileType = sourcecode.c.objc; path = ConsoleScreen.m; sourceTree = "<group>"; };
		96B1E28D1BAC7A0E0089CCDF /* MainScreen.h */ = {isa = PBXFileReference; fileEncoding = 4; lastKnownFileType = sourcecode.c.h; path = MainScreen.h; sourceTree = "<group>"; };
		96B1E28E1BAC7A0E0089CCDF /* MainScreen.m */ = {isa = PBXFileReference; fileEncoding = 4; lastKnownFileType = sourcecode.c.objc; path = MainScreen.m; sourceTree = "<group>"; };
		96B1E2971BAC8F9C0089CCDF /* DemoFunction.h */ = {isa = PBXFileReference; fileEncoding = 4; lastKnownFileType = sourcecode.c.h; path = DemoFunction.h; sourceTree = "<group>"; };
		96B1E2981BAC8F9C0089CCDF /* DemoFunction.m */ = {isa = PBXFileReference; fileEncoding = 4; lastKnownFileType = sourcecode.c.objc; path = DemoFunction.m; sourceTree = "<group>"; };
		96B1E29A1BAC960E0089CCDF /* DemoSelector.h */ = {isa = PBXFileReference; fileEncoding = 4; lastKnownFileType = sourcecode.c.h; path = DemoSelector.h; sourceTree = "<group>"; };
		96B1E29B1BAC960E0089CCDF /* DemoSelector.m */ = {isa = PBXFileReference; fileEncoding = 4; lastKnownFileType = sourcecode.c.objc; path = DemoSelector.m; sourceTree = "<group>"; };
		96B1E29C1BAC960E0089CCDF /* DemoSelector.xib */ = {isa = PBXFileReference; fileEncoding = 4; lastKnownFileType = file.xib; path = DemoSelector.xib; sourceTree = "<group>"; };
		96B1E3011BB05C640089CCDF /* BasicSlider.h */ = {isa = PBXFileReference; fileEncoding = 4; lastKnownFileType = sourcecode.c.h; path = BasicSlider.h; sourceTree = "<group>"; };
		96B1E3021BB05C640089CCDF /* BasicSlider.m */ = {isa = PBXFileReference; fileEncoding = 4; lastKnownFileType = sourcecode.c.objc; path = BasicSlider.m; sourceTree = "<group>"; };
		96B1E3031BB05C640089CCDF /* BasicSlider.xib */ = {isa = PBXFileReference; fileEncoding = 4; lastKnownFileType = file.xib; path = BasicSlider.xib; sourceTree = "<group>"; };
		96B1E3061BB06B970089CCDF /* AdvancedSlider1.h */ = {isa = PBXFileReference; fileEncoding = 4; lastKnownFileType = sourcecode.c.h; path = AdvancedSlider1.h; sourceTree = "<group>"; };
		96B1E3071BB06B970089CCDF /* AdvancedSlider1.m */ = {isa = PBXFileReference; fileEncoding = 4; lastKnownFileType = sourcecode.c.objc; path = AdvancedSlider1.m; sourceTree = "<group>"; };
		96B1E3081BB06B970089CCDF /* AdvancedSlider1.xib */ = {isa = PBXFileReference; fileEncoding = 4; lastKnownFileType = file.xib; path = AdvancedSlider1.xib; sourceTree = "<group>"; };
		96B1E30B1BB25ADF0089CCDF /* AdvancedSlider2.h */ = {isa = PBXFileReference; fileEncoding = 4; lastKnownFileType = sourcecode.c.h; path = AdvancedSlider2.h; sourceTree = "<group>"; };
		96B1E30C1BB25ADF0089CCDF /* AdvancedSlider2.m */ = {isa = PBXFileReference; fileEncoding = 4; lastKnownFileType = sourcecode.c.objc; path = AdvancedSlider2.m; sourceTree = "<group>"; };
		96B1E30D1BB25ADF0089CCDF /* AdvancedSlider2.xib */ = {isa = PBXFileReference; fileEncoding = 4; lastKnownFileType = file.xib; path = AdvancedSlider2.xib; sourceTree = "<group>"; };
		96B1E31E1BB482C20089CCDF /* ImageSkewer.h */ = {isa = PBXFileReference; fileEncoding = 4; lastKnownFileType = sourcecode.c.h; path = ImageSkewer.h; sourceTree = "<group>"; };
		96B1E31F1BB482C20089CCDF /* ImageSkewer.m */ = {isa = PBXFileReference; fileEncoding = 4; lastKnownFileType = sourcecode.c.objc; path = ImageSkewer.m; sourceTree = "<group>"; };
		96B1E3201BB482C20089CCDF /* ImageSkewer.xib */ = {isa = PBXFileReference; fileEncoding = 4; lastKnownFileType = file.xib; path = ImageSkewer.xib; sourceTree = "<group>"; };
		96B1E3271BB4897F0089CCDF /* steve.jpg */ = {isa = PBXFileReference; lastKnownFileType = image.jpeg; path = steve.jpg; sourceTree = "<group>"; };
		96B1E3291BB536430089CCDF /* BarcelonaRotation.h */ = {isa = PBXFileReference; fileEncoding = 4; lastKnownFileType = sourcecode.c.h; path = BarcelonaRotation.h; sourceTree = "<group>"; };
		96B1E32A1BB536430089CCDF /* BarcelonaRotation.m */ = {isa = PBXFileReference; fileEncoding = 4; lastKnownFileType = sourcecode.c.objc; path = BarcelonaRotation.m; sourceTree = "<group>"; };
		96B1E32C1BB536A60089CCDF /* BarcelonaPlayers.plist */ = {isa = PBXFileReference; fileEncoding = 4; lastKnownFileType = text.plist.xml; path = BarcelonaPlayers.plist; sourceTree = "<group>"; };
		96B1E3311BB550EE0089CCDF /* NSArray+GettingUniqueElementsAddition.h */ = {isa = PBXFileReference; fileEncoding = 4; lastKnownFileType = sourcecode.c.h; path = "NSArray+GettingUniqueElementsAddition.h"; sourceTree = "<group>"; };
		96B1E3321BB550EE0089CCDF /* NSArray+GettingUniqueElementsAddition.m */ = {isa = PBXFileReference; fileEncoding = 4; lastKnownFileType = sourcecode.c.objc; path = "NSArray+GettingUniqueElementsAddition.m"; sourceTree = "<group>"; };
		96B1E3341BB552FB0089CCDF /* UniqueElementFromArrayDemo.h */ = {isa = PBXFileReference; fileEncoding = 4; lastKnownFileType = sourcecode.c.h; path = UniqueElementFromArrayDemo.h; sourceTree = "<group>"; };
		96B1E3351BB552FB0089CCDF /* UniqueElementFromArrayDemo.m */ = {isa = PBXFileReference; fileEncoding = 4; lastKnownFileType = sourcecode.c.objc; path = UniqueElementFromArrayDemo.m; sourceTree = "<group>"; };
		96B1E33A1BB65C830089CCDF /* IntegerToText.h */ = {isa = PBXFileReference; fileEncoding = 4; lastKnownFileType = sourcecode.c.h; path = IntegerToText.h; sourceTree = "<group>"; };
		96B1E33B1BB65C830089CCDF /* IntegerToText.m */ = {isa = PBXFileReference; fileEncoding = 4; lastKnownFileType = sourcecode.c.objc; path = IntegerToText.m; sourceTree = "<group>"; };
		96FEEA741BB864D90092C981 /* Exercise1.h */ = {isa = PBXFileReference; fileEncoding = 4; lastKnownFileType = sourcecode.c.h; path = Exercise1.h; sourceTree = "<group>"; };
		96FEEA751BB864D90092C981 /* Exercise1.m */ = {isa = PBXFileReference; fileEncoding = 4; lastKnownFileType = sourcecode.c.objc; path = Exercise1.m; sourceTree = "<group>"; };
		96FEEA771BB873EC0092C981 /* Exercise2.h */ = {isa = PBXFileReference; fileEncoding = 4; lastKnownFileType = sourcecode.c.h; path = Exercise2.h; sourceTree = "<group>"; };
		96FEEA781BB873EC0092C981 /* Exercise2.m */ = {isa = PBXFileReference; fileEncoding = 4; lastKnownFileType = sourcecode.c.objc; path = Exercise2.m; sourceTree = "<group>"; };
		96FEEA7A1BB922A50092C981 /* DictionaryDemo.h */ = {isa = PBXFileReference; fileEncoding = 4; lastKnownFileType = sourcecode.c.h; path = DictionaryDemo.h; sourceTree = "<group>"; };
		96FEEA7B1BB922A50092C981 /* DictionaryDemo.m */ = {isa = PBXFileReference; fileEncoding = 4; lastKnownFileType = sourcecode.c.objc; path = DictionaryDemo.m; sourceTree = "<group>"; };
		96FEEA801BB931600092C981 /* NSArray+Extend.h */ = {isa = PBXFileReference; fileEncoding = 4; lastKnownFileType = sourcecode.c.h; path = "NSArray+Extend.h"; sourceTree = "<group>"; };
		96FEEA811BB931600092C981 /* NSArray+Extend.m */ = {isa = PBXFileReference; fileEncoding = 4; lastKnownFileType = sourcecode.c.objc; path = "NSArray+Extend.m"; sourceTree = "<group>"; };
		96FEEA831BB931A20092C981 /* WordCount.h */ = {isa = PBXFileReference; fileEncoding = 4; lastKnownFileType = sourcecode.c.h; path = WordCount.h; sourceTree = "<group>"; };
		96FEEA841BB931A20092C981 /* WordCount.m */ = {isa = PBXFileReference; fileEncoding = 4; lastKnownFileType = sourcecode.c.objc; path = WordCount.m; sourceTree = "<group>"; };
/* End PBXFileReference section */

/* Begin PBXFrameworksBuildPhase section */
		96B1E24D1BAC77270089CCDF /* Frameworks */ = {
			isa = PBXFrameworksBuildPhase;
			buildActionMask = 2147483647;
			files = (
			);
			runOnlyForDeploymentPostprocessing = 0;
		};
		96B1E2661BAC77270089CCDF /* Frameworks */ = {
			isa = PBXFrameworksBuildPhase;
			buildActionMask = 2147483647;
			files = (
			);
			runOnlyForDeploymentPostprocessing = 0;
		};
		96B1E2711BAC77270089CCDF /* Frameworks */ = {
			isa = PBXFrameworksBuildPhase;
			buildActionMask = 2147483647;
			files = (
			);
			runOnlyForDeploymentPostprocessing = 0;
		};
/* End PBXFrameworksBuildPhase section */

/* Begin PBXGroup section */
		96B1E2471BAC77270089CCDF = {
			isa = PBXGroup;
			children = (
				96B1E2521BAC77270089CCDF /* ObjCExample */,
				96B1E2511BAC77270089CCDF /* Products */,
			);
			sourceTree = "<group>";
		};
		96B1E2511BAC77270089CCDF /* Products */ = {
			isa = PBXGroup;
			children = (
				96B1E2501BAC77270089CCDF /* ObjCExample.app */,
				96B1E2691BAC77270089CCDF /* ObjCExampleTests.xctest */,
				96B1E2741BAC77270089CCDF /* ObjCExampleUITests.xctest */,
			);
			name = Products;
			sourceTree = "<group>";
		};
		96B1E2521BAC77270089CCDF /* ObjCExample */ = {
			isa = PBXGroup;
			children = (
				96B1E2861BAC79D90089CCDF /* Core */,
				96B1E2931BAC8F300089CCDF /* Basic */,
				96B1E25F1BAC77270089CCDF /* Assets.xcassets */,
				96B1E2611BAC77270089CCDF /* LaunchScreen.storyboard */,
				96B1E2641BAC77270089CCDF /* Info.plist */,
				96B1E2531BAC77270089CCDF /* Supporting Files */,
			);
			path = ObjCExample;
			sourceTree = "<group>";
		};
		96B1E2531BAC77270089CCDF /* Supporting Files */ = {
			isa = PBXGroup;
			children = (
				96B1E2541BAC77270089CCDF /* main.m */,
			);
			name = "Supporting Files";
			sourceTree = "<group>";
		};
		96B1E2861BAC79D90089CCDF /* Core */ = {
			isa = PBXGroup;
			children = (
				96B1E2871BAC7A0E0089CCDF /* AppDelegate.h */,
				96B1E2881BAC7A0E0089CCDF /* AppDelegate.m */,
				96B1E2891BAC7A0E0089CCDF /* BootLogic.h */,
				96B1E28A1BAC7A0E0089CCDF /* BootLogic.m */,
				96B1E28B1BAC7A0E0089CCDF /* ConsoleScreen.h */,
				96B1E28C1BAC7A0E0089CCDF /* ConsoleScreen.m */,
				96B1E28D1BAC7A0E0089CCDF /* MainScreen.h */,
				96B1E28E1BAC7A0E0089CCDF /* MainScreen.m */,
			);
			name = Core;
			sourceTree = "<group>";
		};
		96B1E2931BAC8F300089CCDF /* Basic */ = {
			isa = PBXGroup;
			children = (
				96B1E3191BB481620089CCDF /* Dictionary */,
				96B1E3151BB3FDE90089CCDF /* Array */,
				96B1E3111BB25B6C0089CCDF /* FunctionAndSelector */,
				96B1E3101BB25B3F0089CCDF /* Slider */,
			);
			name = Basic;
			sourceTree = "<group>";
		};
		96B1E3101BB25B3F0089CCDF /* Slider */ = {
			isa = PBXGroup;
			children = (
				96B1E31A1BB4821D0089CCDF /* ImageSkewer */,
				96B1E3121BB25C240089CCDF /* BasicSlider */,
				96B1E3131BB25C360089CCDF /* AdvancedSlider1 */,
				96B1E3141BB25C450089CCDF /* AdvancedSlider2 */,
			);
			name = Slider;
			sourceTree = "<group>";
		};
		96B1E3111BB25B6C0089CCDF /* FunctionAndSelector */ = {
			isa = PBXGroup;
			children = (
				96B1E2971BAC8F9C0089CCDF /* DemoFunction.h */,
				96B1E2981BAC8F9C0089CCDF /* DemoFunction.m */,
				96B1E29A1BAC960E0089CCDF /* DemoSelector.h */,
				96B1E29B1BAC960E0089CCDF /* DemoSelector.m */,
				96B1E29C1BAC960E0089CCDF /* DemoSelector.xib */,
			);
			name = FunctionAndSelector;
			sourceTree = "<group>";
		};
		96B1E3121BB25C240089CCDF /* BasicSlider */ = {
			isa = PBXGroup;
			children = (
				96B1E3011BB05C640089CCDF /* BasicSlider.h */,
				96B1E3021BB05C640089CCDF /* BasicSlider.m */,
				96B1E3031BB05C640089CCDF /* BasicSlider.xib */,
			);
			name = BasicSlider;
			sourceTree = "<group>";
		};
		96B1E3131BB25C360089CCDF /* AdvancedSlider1 */ = {
			isa = PBXGroup;
			children = (
				96B1E3061BB06B970089CCDF /* AdvancedSlider1.h */,
				96B1E3071BB06B970089CCDF /* AdvancedSlider1.m */,
				96B1E3081BB06B970089CCDF /* AdvancedSlider1.xib */,
			);
			name = AdvancedSlider1;
			sourceTree = "<group>";
		};
		96B1E3141BB25C450089CCDF /* AdvancedSlider2 */ = {
			isa = PBXGroup;
			children = (
				96B1E30B1BB25ADF0089CCDF /* AdvancedSlider2.h */,
				96B1E30C1BB25ADF0089CCDF /* AdvancedSlider2.m */,
				96B1E30D1BB25ADF0089CCDF /* AdvancedSlider2.xib */,
			);
			name = AdvancedSlider2;
			sourceTree = "<group>";
		};
		96B1E3151BB3FDE90089CCDF /* Array */ = {
			isa = PBXGroup;
			children = (
				96FEEA7F1BB9308B0092C981 /* NSMutable Array */,
				96FEEA731BB80D2D0092C981 /* QuickSort */,
				96B1E3391BB65C300089CCDF /* IntegerToText */,
				96B1E3381BB65ACA0089CCDF /* UniqueElements */,
				96B1E3371BB65AB40089CCDF /* BarcelonaRotation */,
			);
			name = Array;
			sourceTree = "<group>";
		};
		96B1E3191BB481620089CCDF /* Dictionary */ = {
			isa = PBXGroup;
			children = (
				96FEEA7A1BB922A50092C981 /* DictionaryDemo.h */,
				96FEEA7B1BB922A50092C981 /* DictionaryDemo.m */,
			);
			name = Dictionary;
			sourceTree = "<group>";
		};
		96B1E31A1BB4821D0089CCDF /* ImageSkewer */ = {
			isa = PBXGroup;
			children = (
				96B1E3271BB4897F0089CCDF /* steve.jpg */,
				96B1E31E1BB482C20089CCDF /* ImageSkewer.h */,
				96B1E31F1BB482C20089CCDF /* ImageSkewer.m */,
				96B1E3201BB482C20089CCDF /* ImageSkewer.xib */,
			);
			name = ImageSkewer;
			sourceTree = "<group>";
		};
		96B1E3371BB65AB40089CCDF /* BarcelonaRotation */ = {
			isa = PBXGroup;
			children = (
				96B1E3291BB536430089CCDF /* BarcelonaRotation.h */,
				96B1E32A1BB536430089CCDF /* BarcelonaRotation.m */,
				96B1E32C1BB536A60089CCDF /* BarcelonaPlayers.plist */,
			);
			name = BarcelonaRotation;
			sourceTree = "<group>";
		};
		96B1E3381BB65ACA0089CCDF /* UniqueElements */ = {
			isa = PBXGroup;
			children = (
				96B1E3311BB550EE0089CCDF /* NSArray+GettingUniqueElementsAddition.h */,
				96B1E3321BB550EE0089CCDF /* NSArray+GettingUniqueElementsAddition.m */,
				96B1E3341BB552FB0089CCDF /* UniqueElementFromArrayDemo.h */,
				96B1E3351BB552FB0089CCDF /* UniqueElementFromArrayDemo.m */,
			);
			name = UniqueElements;
			sourceTree = "<group>";
		};
		96B1E3391BB65C300089CCDF /* IntegerToText */ = {
			isa = PBXGroup;
			children = (
				96B1E33A1BB65C830089CCDF /* IntegerToText.h */,
				96B1E33B1BB65C830089CCDF /* IntegerToText.m */,
			);
			name = IntegerToText;
			sourceTree = "<group>";
		};
		96FEEA731BB80D2D0092C981 /* QuickSort */ = {
			isa = PBXGroup;
			children = (
				96FEEA741BB864D90092C981 /* Exercise1.h */,
				96FEEA751BB864D90092C981 /* Exercise1.m */,
				96FEEA771BB873EC0092C981 /* Exercise2.h */,
				96FEEA781BB873EC0092C981 /* Exercise2.m */,
			);
			name = QuickSort;
			sourceTree = "<group>";
		};
		96FEEA7F1BB9308B0092C981 /* NSMutable Array */ = {
			isa = PBXGroup;
			children = (
				96FEEA801BB931600092C981 /* NSArray+Extend.h */,
				96FEEA811BB931600092C981 /* NSArray+Extend.m */,
				96FEEA831BB931A20092C981 /* WordCount.h */,
				96FEEA841BB931A20092C981 /* WordCount.m */,
			);
			name = "NSMutable Array";
			sourceTree = "<group>";
		};
/* End PBXGroup section */

/* Begin PBXNativeTarget section */
		96B1E24F1BAC77270089CCDF /* ObjCExample */ = {
			isa = PBXNativeTarget;
			buildConfigurationList = 96B1E27D1BAC77270089CCDF /* Build configuration list for PBXNativeTarget "ObjCExample" */;
			buildPhases = (
				96B1E24C1BAC77270089CCDF /* Sources */,
				96B1E24D1BAC77270089CCDF /* Frameworks */,
				96B1E24E1BAC77270089CCDF /* Resources */,
			);
			buildRules = (
			);
			dependencies = (
			);
			name = ObjCExample;
			productName = ObjCExample;
			productReference = 96B1E2501BAC77270089CCDF /* ObjCExample.app */;
			productType = "com.apple.product-type.application";
		};
		96B1E2681BAC77270089CCDF /* ObjCExampleTests */ = {
			isa = PBXNativeTarget;
			buildConfigurationList = 96B1E2801BAC77270089CCDF /* Build configuration list for PBXNativeTarget "ObjCExampleTests" */;
			buildPhases = (
				96B1E2651BAC77270089CCDF /* Sources */,
				96B1E2661BAC77270089CCDF /* Frameworks */,
				96B1E2671BAC77270089CCDF /* Resources */,
			);
			buildRules = (
			);
			dependencies = (
				96B1E26B1BAC77270089CCDF /* PBXTargetDependency */,
			);
			name = ObjCExampleTests;
			productName = ObjCExampleTests;
			productReference = 96B1E2691BAC77270089CCDF /* ObjCExampleTests.xctest */;
			productType = "com.apple.product-type.bundle.unit-test";
		};
		96B1E2731BAC77270089CCDF /* ObjCExampleUITests */ = {
			isa = PBXNativeTarget;
			buildConfigurationList = 96B1E2831BAC77270089CCDF /* Build configuration list for PBXNativeTarget "ObjCExampleUITests" */;
			buildPhases = (
				96B1E2701BAC77270089CCDF /* Sources */,
				96B1E2711BAC77270089CCDF /* Frameworks */,
				96B1E2721BAC77270089CCDF /* Resources */,
			);
			buildRules = (
			);
			dependencies = (
				96B1E2761BAC77270089CCDF /* PBXTargetDependency */,
			);
			name = ObjCExampleUITests;
			productName = ObjCExampleUITests;
			productReference = 96B1E2741BAC77270089CCDF /* ObjCExampleUITests.xctest */;
			productType = "com.apple.product-type.bundle.ui-testing";
		};
/* End PBXNativeTarget section */

/* Begin PBXProject section */
		96B1E2481BAC77270089CCDF /* Project object */ = {
			isa = PBXProject;
			attributes = {
				LastUpgradeCheck = 0700;
				ORGANIZATIONNAME = Dzung;
				TargetAttributes = {
					96B1E24F1BAC77270089CCDF = {
						CreatedOnToolsVersion = 7.0;
					};
					96B1E2681BAC77270089CCDF = {
						CreatedOnToolsVersion = 7.0;
						TestTargetID = 96B1E24F1BAC77270089CCDF;
					};
					96B1E2731BAC77270089CCDF = {
						CreatedOnToolsVersion = 7.0;
						TestTargetID = 96B1E24F1BAC77270089CCDF;
					};
				};
			};
			buildConfigurationList = 96B1E24B1BAC77270089CCDF /* Build configuration list for PBXProject "ObjCExample" */;
			compatibilityVersion = "Xcode 3.2";
			developmentRegion = English;
			hasScannedForEncodings = 0;
			knownRegions = (
				en,
				Base,
			);
			mainGroup = 96B1E2471BAC77270089CCDF;
			productRefGroup = 96B1E2511BAC77270089CCDF /* Products */;
			projectDirPath = "";
			projectRoot = "";
			targets = (
				96B1E24F1BAC77270089CCDF /* ObjCExample */,
				96B1E2681BAC77270089CCDF /* ObjCExampleTests */,
				96B1E2731BAC77270089CCDF /* ObjCExampleUITests */,
			);
		};
/* End PBXProject section */

/* Begin PBXResourcesBuildPhase section */
		96B1E24E1BAC77270089CCDF /* Resources */ = {
			isa = PBXResourcesBuildPhase;
			buildActionMask = 2147483647;
			files = (
				96B1E2631BAC77270089CCDF /* LaunchScreen.storyboard in Resources */,
				96B1E29E1BAC960E0089CCDF /* DemoSelector.xib in Resources */,
				96B1E2601BAC77270089CCDF /* Assets.xcassets in Resources */,
				96B1E30A1BB06B970089CCDF /* AdvancedSlider1.xib in Resources */,
				96B1E3051BB05C640089CCDF /* BasicSlider.xib in Resources */,
				96B1E32D1BB536A60089CCDF /* BarcelonaPlayers.plist in Resources */,
				96B1E30F1BB25ADF0089CCDF /* AdvancedSlider2.xib in Resources */,
				96B1E3221BB482C20089CCDF /* ImageSkewer.xib in Resources */,
				96B1E3281BB4897F0089CCDF /* steve.jpg in Resources */,
			);
			runOnlyForDeploymentPostprocessing = 0;
		};
		96B1E2671BAC77270089CCDF /* Resources */ = {
			isa = PBXResourcesBuildPhase;
			buildActionMask = 2147483647;
			files = (
			);
			runOnlyForDeploymentPostprocessing = 0;
		};
		96B1E2721BAC77270089CCDF /* Resources */ = {
			isa = PBXResourcesBuildPhase;
			buildActionMask = 2147483647;
			files = (
			);
			runOnlyForDeploymentPostprocessing = 0;
		};
/* End PBXResourcesBuildPhase section */

/* Begin PBXSourcesBuildPhase section */
		96B1E24C1BAC77270089CCDF /* Sources */ = {
			isa = PBXSourcesBuildPhase;
			buildActionMask = 2147483647;
			files = (
				96B1E2901BAC7A0E0089CCDF /* BootLogic.m in Sources */,
				96B1E2921BAC7A0E0089CCDF /* MainScreen.m in Sources */,
				96B1E2911BAC7A0E0089CCDF /* ConsoleScreen.m in Sources */,
				96FEEA851BB931A20092C981 /* WordCount.m in Sources */,
				96B1E3211BB482C20089CCDF /* ImageSkewer.m in Sources */,
				96B1E28F1BAC7A0E0089CCDF /* AppDelegate.m in Sources */,
				96B1E32B1BB536430089CCDF /* BarcelonaRotation.m in Sources */,
				96FEEA7C1BB922A50092C981 /* DictionaryDemo.m in Sources */,
				96B1E2991BAC8F9C0089CCDF /* DemoFunction.m in Sources */,
				96B1E30E1BB25ADF0089CCDF /* AdvancedSlider2.m in Sources */,
				96B1E33C1BB65C830089CCDF /* IntegerToText.m in Sources */,
				96B1E29D1BAC960E0089CCDF /* DemoSelector.m in Sources */,
				96B1E2551BAC77270089CCDF /* main.m in Sources */,
				96FEEA761BB864D90092C981 /* Exercise1.m in Sources */,
				96FEEA791BB873EC0092C981 /* Exercise2.m in Sources */,
				96B1E3331BB550EE0089CCDF /* NSArray+GettingUniqueElementsAddition.m in Sources */,
				96B1E3091BB06B970089CCDF /* AdvancedSlider1.m in Sources */,
				96B1E3041BB05C640089CCDF /* BasicSlider.m in Sources */,
				96B1E3361BB552FB0089CCDF /* UniqueElementFromArrayDemo.m in Sources */,
				96FEEA821BB931600092C981 /* NSArray+Extend.m in Sources */,
			);
			runOnlyForDeploymentPostprocessing = 0;
		};
		96B1E2651BAC77270089CCDF /* Sources */ = {
			isa = PBXSourcesBuildPhase;
			buildActionMask = 2147483647;
			files = (
			);
			runOnlyForDeploymentPostprocessing = 0;
		};
		96B1E2701BAC77270089CCDF /* Sources */ = {
			isa = PBXSourcesBuildPhase;
			buildActionMask = 2147483647;
			files = (
			);
			runOnlyForDeploymentPostprocessing = 0;
		};
/* End PBXSourcesBuildPhase section */

/* Begin PBXTargetDependency section */
		96B1E26B1BAC77270089CCDF /* PBXTargetDependency */ = {
			isa = PBXTargetDependency;
			target = 96B1E24F1BAC77270089CCDF /* ObjCExample */;
			targetProxy = 96B1E26A1BAC77270089CCDF /* PBXContainerItemProxy */;
		};
		96B1E2761BAC77270089CCDF /* PBXTargetDependency */ = {
			isa = PBXTargetDependency;
			target = 96B1E24F1BAC77270089CCDF /* ObjCExample */;
			targetProxy = 96B1E2751BAC77270089CCDF /* PBXContainerItemProxy */;
		};
/* End PBXTargetDependency section */

/* Begin PBXVariantGroup section */
		96B1E2611BAC77270089CCDF /* LaunchScreen.storyboard */ = {
			isa = PBXVariantGroup;
			children = (
				96B1E2621BAC77270089CCDF /* Base */,
			);
			name = LaunchScreen.storyboard;
			sourceTree = "<group>";
		};
/* End PBXVariantGroup section */

/* Begin XCBuildConfiguration section */
		96B1E27B1BAC77270089CCDF /* Debug */ = {
			isa = XCBuildConfiguration;
			buildSettings = {
				ALWAYS_SEARCH_USER_PATHS = NO;
				CLANG_CXX_LANGUAGE_STANDARD = "gnu++0x";
				CLANG_CXX_LIBRARY = "libc++";
				CLANG_ENABLE_MODULES = YES;
				CLANG_ENABLE_OBJC_ARC = YES;
				CLANG_WARN_BOOL_CONVERSION = YES;
				CLANG_WARN_CONSTANT_CONVERSION = YES;
				CLANG_WARN_DIRECT_OBJC_ISA_USAGE = YES_ERROR;
				CLANG_WARN_EMPTY_BODY = YES;
				CLANG_WARN_ENUM_CONVERSION = YES;
				CLANG_WARN_INT_CONVERSION = YES;
				CLANG_WARN_OBJC_ROOT_CLASS = YES_ERROR;
				CLANG_WARN_UNREACHABLE_CODE = YES;
				CLANG_WARN__DUPLICATE_METHOD_MATCH = YES;
				"CODE_SIGN_IDENTITY[sdk=iphoneos*]" = "iPhone Developer";
				COPY_PHASE_STRIP = NO;
				DEBUG_INFORMATION_FORMAT = dwarf;
				ENABLE_STRICT_OBJC_MSGSEND = YES;
				ENABLE_TESTABILITY = YES;
				GCC_C_LANGUAGE_STANDARD = gnu99;
				GCC_DYNAMIC_NO_PIC = NO;
				GCC_NO_COMMON_BLOCKS = YES;
				GCC_OPTIMIZATION_LEVEL = 0;
				GCC_PREPROCESSOR_DEFINITIONS = (
					"DEBUG=1",
					"$(inherited)",
				);
				GCC_WARN_64_TO_32_BIT_CONVERSION = YES;
				GCC_WARN_ABOUT_RETURN_TYPE = YES_ERROR;
				GCC_WARN_UNDECLARED_SELECTOR = YES;
				GCC_WARN_UNINITIALIZED_AUTOS = YES_AGGRESSIVE;
				GCC_WARN_UNUSED_FUNCTION = YES;
				GCC_WARN_UNUSED_VARIABLE = YES;
				IPHONEOS_DEPLOYMENT_TARGET = 9.0;
				MTL_ENABLE_DEBUG_INFO = YES;
				ONLY_ACTIVE_ARCH = YES;
				SDKROOT = iphoneos;
			};
			name = Debug;
		};
		96B1E27C1BAC77270089CCDF /* Release */ = {
			isa = XCBuildConfiguration;
			buildSettings = {
				ALWAYS_SEARCH_USER_PATHS = NO;
				CLANG_CXX_LANGUAGE_STANDARD = "gnu++0x";
				CLANG_CXX_LIBRARY = "libc++";
				CLANG_ENABLE_MODULES = YES;
				CLANG_ENABLE_OBJC_ARC = YES;
				CLANG_WARN_BOOL_CONVERSION = YES;
				CLANG_WARN_CONSTANT_CONVERSION = YES;
				CLANG_WARN_DIRECT_OBJC_ISA_USAGE = YES_ERROR;
				CLANG_WARN_EMPTY_BODY = YES;
				CLANG_WARN_ENUM_CONVERSION = YES;
				CLANG_WARN_INT_CONVERSION = YES;
				CLANG_WARN_OBJC_ROOT_CLASS = YES_ERROR;
				CLANG_WARN_UNREACHABLE_CODE = YES;
				CLANG_WARN__DUPLICATE_METHOD_MATCH = YES;
				"CODE_SIGN_IDENTITY[sdk=iphoneos*]" = "iPhone Developer";
				COPY_PHASE_STRIP = NO;
				DEBUG_INFORMATION_FORMAT = "dwarf-with-dsym";
				ENABLE_NS_ASSERTIONS = NO;
				ENABLE_STRICT_OBJC_MSGSEND = YES;
				GCC_C_LANGUAGE_STANDARD = gnu99;
				GCC_NO_COMMON_BLOCKS = YES;
				GCC_WARN_64_TO_32_BIT_CONVERSION = YES;
				GCC_WARN_ABOUT_RETURN_TYPE = YES_ERROR;
				GCC_WARN_UNDECLARED_SELECTOR = YES;
				GCC_WARN_UNINITIALIZED_AUTOS = YES_AGGRESSIVE;
				GCC_WARN_UNUSED_FUNCTION = YES;
				GCC_WARN_UNUSED_VARIABLE = YES;
				IPHONEOS_DEPLOYMENT_TARGET = 9.0;
				MTL_ENABLE_DEBUG_INFO = NO;
				SDKROOT = iphoneos;
				VALIDATE_PRODUCT = YES;
			};
			name = Release;
		};
		96B1E27E1BAC77270089CCDF /* Debug */ = {
			isa = XCBuildConfiguration;
			buildSettings = {
				ASSETCATALOG_COMPILER_APPICON_NAME = AppIcon;
				INFOPLIST_FILE = ObjCExample/Info.plist;
				IPHONEOS_DEPLOYMENT_TARGET = 8.4;
				LD_RUNPATH_SEARCH_PATHS = "$(inherited) @executable_path/Frameworks";
				PRODUCT_BUNDLE_IDENTIFIER = com.example.ObjCExample;
				PRODUCT_NAME = "$(TARGET_NAME)";
			};
			name = Debug;
		};
		96B1E27F1BAC77270089CCDF /* Release */ = {
			isa = XCBuildConfiguration;
			buildSettings = {
				ASSETCATALOG_COMPILER_APPICON_NAME = AppIcon;
				INFOPLIST_FILE = ObjCExample/Info.plist;
				IPHONEOS_DEPLOYMENT_TARGET = 8.4;
				LD_RUNPATH_SEARCH_PATHS = "$(inherited) @executable_path/Frameworks";
				PRODUCT_BUNDLE_IDENTIFIER = com.example.ObjCExample;
				PRODUCT_NAME = "$(TARGET_NAME)";
			};
			name = Release;
		};
		96B1E2811BAC77270089CCDF /* Debug */ = {
			isa = XCBuildConfiguration;
			buildSettings = {
				BUNDLE_LOADER = "$(TEST_HOST)";
				INFOPLIST_FILE = ObjCExampleTests/Info.plist;
				LD_RUNPATH_SEARCH_PATHS = "$(inherited) @executable_path/Frameworks @loader_path/Frameworks";
				PRODUCT_BUNDLE_IDENTIFIER = com.example.ObjCExampleTests;
				PRODUCT_NAME = "$(TARGET_NAME)";
				TEST_HOST = "$(BUILT_PRODUCTS_DIR)/ObjCExample.app/ObjCExample";
			};
			name = Debug;
		};
		96B1E2821BAC77270089CCDF /* Release */ = {
			isa = XCBuildConfiguration;
			buildSettings = {
				BUNDLE_LOADER = "$(TEST_HOST)";
				INFOPLIST_FILE = ObjCExampleTests/Info.plist;
				LD_RUNPATH_SEARCH_PATHS = "$(inherited) @executable_path/Frameworks @loader_path/Frameworks";
				PRODUCT_BUNDLE_IDENTIFIER = com.example.ObjCExampleTests;
				PRODUCT_NAME = "$(TARGET_NAME)";
				TEST_HOST = "$(BUILT_PRODUCTS_DIR)/ObjCExample.app/ObjCExample";
			};
			name = Release;
		};
		96B1E2841BAC77270089CCDF /* Debug */ = {
			isa = XCBuildConfiguration;
			buildSettings = {
				INFOPLIST_FILE = ObjCExampleUITests/Info.plist;
				LD_RUNPATH_SEARCH_PATHS = "$(inherited) @executable_path/Frameworks @loader_path/Frameworks";
				PRODUCT_BUNDLE_IDENTIFIER = com.example.ObjCExampleUITests;
				PRODUCT_NAME = "$(TARGET_NAME)";
				TEST_TARGET_NAME = ObjCExample;
				USES_XCTRUNNER = YES;
			};
			name = Debug;
		};
		96B1E2851BAC77270089CCDF /* Release */ = {
			isa = XCBuildConfiguration;
			buildSettings = {
				INFOPLIST_FILE = ObjCExampleUITests/Info.plist;
				LD_RUNPATH_SEARCH_PATHS = "$(inherited) @executable_path/Frameworks @loader_path/Frameworks";
				PRODUCT_BUNDLE_IDENTIFIER = com.example.ObjCExampleUITests;
				PRODUCT_NAME = "$(TARGET_NAME)";
				TEST_TARGET_NAME = ObjCExample;
				USES_XCTRUNNER = YES;
			};
			name = Release;
		};
/* End XCBuildConfiguration section */

/* Begin XCConfigurationList section */
		96B1E24B1BAC77270089CCDF /* Build configuration list for PBXProject "ObjCExample" */ = {
			isa = XCConfigurationList;
			buildConfigurations = (
				96B1E27B1BAC77270089CCDF /* Debug */,
				96B1E27C1BAC77270089CCDF /* Release */,
			);
			defaultConfigurationIsVisible = 0;
			defaultConfigurationName = Release;
		};
		96B1E27D1BAC77270089CCDF /* Build configuration list for PBXNativeTarget "ObjCExample" */ = {
			isa = XCConfigurationList;
			buildConfigurations = (
				96B1E27E1BAC77270089CCDF /* Debug */,
				96B1E27F1BAC77270089CCDF /* Release */,
			);
			defaultConfigurationIsVisible = 0;
			defaultConfigurationName = Release;
		};
		96B1E2801BAC77270089CCDF /* Build configuration list for PBXNativeTarget "ObjCExampleTests" */ = {
			isa = XCConfigurationList;
			buildConfigurations = (
				96B1E2811BAC77270089CCDF /* Debug */,
				96B1E2821BAC77270089CCDF /* Release */,
			);
			defaultConfigurationIsVisible = 0;
			defaultConfigurationName = Release;
		};
		96B1E2831BAC77270089CCDF /* Build configuration list for PBXNativeTarget "ObjCExampleUITests" */ = {
			isa = XCConfigurationList;
			buildConfigurations = (
				96B1E2841BAC77270089CCDF /* Debug */,
				96B1E2851BAC77270089CCDF /* Release */,
			);
			defaultConfigurationIsVisible = 0;
			defaultConfigurationName = Release;
		};
/* End XCConfigurationList section */
	};
	rootObject = 96B1E2481BAC77270089CCDF /* Project object */;
}
